// !$*UTF8*$!
{
	archiveVersion = 1;
	classes = {
	};
	objectVersion = 50;
	objects = {

/* Begin PBXBuildFile section */
		ED94176624B3469F0071236E /* AppDelegate.swift in Sources */ = {isa = PBXBuildFile; fileRef = ED94176524B3469F0071236E /* AppDelegate.swift */; };
		ED94176824B3469F0071236E /* SceneDelegate.swift in Sources */ = {isa = PBXBuildFile; fileRef = ED94176724B3469F0071236E /* SceneDelegate.swift */; };
		ED94176A24B3469F0071236E /* ViewController.swift in Sources */ = {isa = PBXBuildFile; fileRef = ED94176924B3469F0071236E /* ViewController.swift */; };
		ED94176D24B3469F0071236E /* Main.storyboard in Resources */ = {isa = PBXBuildFile; fileRef = ED94176B24B3469F0071236E /* Main.storyboard */; };
		ED94176F24B346A30071236E /* Assets.xcassets in Resources */ = {isa = PBXBuildFile; fileRef = ED94176E24B346A30071236E /* Assets.xcassets */; };
		ED94177224B346A30071236E /* LaunchScreen.storyboard in Resources */ = {isa = PBXBuildFile; fileRef = ED94177024B346A30071236E /* LaunchScreen.storyboard */; };
		ED94178024B35ADE0071236E /* NetworkService.swift in Sources */ = {isa = PBXBuildFile; fileRef = ED94177F24B35ADE0071236E /* NetworkService.swift */; };
		ED94178224B45D0E0071236E /* APIModel.swift in Sources */ = {isa = PBXBuildFile; fileRef = ED94178124B45D0E0071236E /* APIModel.swift */; };
/* End PBXBuildFile section */

/* Begin PBXFileReference section */
		ED94176224B3469F0071236E /* HomeWork9.app */ = {isa = PBXFileReference; explicitFileType = wrapper.application; includeInIndex = 0; path = HomeWork9.app; sourceTree = BUILT_PRODUCTS_DIR; };
		ED94176524B3469F0071236E /* AppDelegate.swift */ = {isa = PBXFileReference; lastKnownFileType = sourcecode.swift; path = AppDelegate.swift; sourceTree = "<group>"; };
		ED94176724B3469F0071236E /* SceneDelegate.swift */ = {isa = PBXFileReference; lastKnownFileType = sourcecode.swift; path = SceneDelegate.swift; sourceTree = "<group>"; };
		ED94176924B3469F0071236E /* ViewController.swift */ = {isa = PBXFileReference; lastKnownFileType = sourcecode.swift; path = ViewController.swift; sourceTree = "<group>"; };
		ED94176C24B3469F0071236E /* Base */ = {isa = PBXFileReference; lastKnownFileType = file.storyboard; name = Base; path = Base.lproj/Main.storyboard; sourceTree = "<group>"; };
		ED94176E24B346A30071236E /* Assets.xcassets */ = {isa = PBXFileReference; lastKnownFileType = folder.assetcatalog; path = Assets.xcassets; sourceTree = "<group>"; };
		ED94177124B346A30071236E /* Base */ = {isa = PBXFileReference; lastKnownFileType = file.storyboard; name = Base; path = Base.lproj/LaunchScreen.storyboard; sourceTree = "<group>"; };
		ED94177324B346A30071236E /* Info.plist */ = {isa = PBXFileReference; lastKnownFileType = text.plist.xml; path = Info.plist; sourceTree = "<group>"; };
		ED94177F24B35ADE0071236E /* NetworkService.swift */ = {isa = PBXFileReference; lastKnownFileType = sourcecode.swift; path = NetworkService.swift; sourceTree = "<group>"; };
		ED94178124B45D0E0071236E /* APIModel.swift */ = {isa = PBXFileReference; lastKnownFileType = sourcecode.swift; path = APIModel.swift; sourceTree = "<group>"; };
/* End PBXFileReference section */

/* Begin PBXFrameworksBuildPhase section */
		ED94175F24B3469F0071236E /* Frameworks */ = {
			isa = PBXFrameworksBuildPhase;
			buildActionMask = 2147483647;
			files = (
			);
			runOnlyForDeploymentPostprocessing = 0;
		};
/* End PBXFrameworksBuildPhase section */

/* Begin PBXGroup section */
		ED94175924B3469F0071236E = {
			isa = PBXGroup;
			children = (
				ED94176424B3469F0071236E /* HomeWork9 */,
				ED94176324B3469F0071236E /* Products */,
			);
			sourceTree = "<group>";
		};
		ED94176324B3469F0071236E /* Products */ = {
			isa = PBXGroup;
			children = (
				ED94176224B3469F0071236E /* HomeWork9.app */,
			);
			name = Products;
			sourceTree = "<group>";
		};
		ED94176424B3469F0071236E /* HomeWork9 */ = {
			isa = PBXGroup;
			children = (
				ED94178324B45D1D0071236E /* Networking */,
				ED94176524B3469F0071236E /* AppDelegate.swift */,
				ED94176724B3469F0071236E /* SceneDelegate.swift */,
				ED94176924B3469F0071236E /* ViewController.swift */,
				ED94176B24B3469F0071236E /* Main.storyboard */,
				ED94176E24B346A30071236E /* Assets.xcassets */,
				ED94177024B346A30071236E /* LaunchScreen.storyboard */,
				ED94177324B346A30071236E /* Info.plist */,
			);
			path = HomeWork9;
			sourceTree = "<group>";
		};
		ED94178324B45D1D0071236E /* Networking */ = {
			isa = PBXGroup;
			children = (
				ED94178124B45D0E0071236E /* APIModel.swift */,
				ED94177F24B35ADE0071236E /* NetworkService.swift */,
			);
			path = Networking;
			sourceTree = "<group>";
		};
/* End PBXGroup section */

/* Begin PBXNativeTarget section */
		ED94176124B3469F0071236E /* HomeWork9 */ = {
			isa = PBXNativeTarget;
			buildConfigurationList = ED94177624B346A30071236E /* Build configuration list for PBXNativeTarget "HomeWork9" */;
			buildPhases = (
				ED94175E24B3469F0071236E /* Sources */,
				ED94175F24B3469F0071236E /* Frameworks */,
				ED94176024B3469F0071236E /* Resources */,
			);
			buildRules = (
			);
			dependencies = (
			);
			name = HomeWork9;
			productName = HomeWork9;
			productReference = ED94176224B3469F0071236E /* HomeWork9.app */;
			productType = "com.apple.product-type.application";
		};
/* End PBXNativeTarget section */

/* Begin PBXProject section */
		ED94175A24B3469F0071236E /* Project object */ = {
			isa = PBXProject;
			attributes = {
				LastSwiftUpdateCheck = 1150;
				LastUpgradeCheck = 1150;
				ORGANIZATIONNAME = "Kirill Selivanov";
				TargetAttributes = {
					ED94176124B3469F0071236E = {
						CreatedOnToolsVersion = 11.5;
					};
				};
			};
			buildConfigurationList = ED94175D24B3469F0071236E /* Build configuration list for PBXProject "HomeWork9" */;
			compatibilityVersion = "Xcode 9.3";
			developmentRegion = en;
			hasScannedForEncodings = 0;
			knownRegions = (
				en,
				Base,
			);
			mainGroup = ED94175924B3469F0071236E;
			productRefGroup = ED94176324B3469F0071236E /* Products */;
			projectDirPath = "";
			projectRoot = "";
			targets = (
				ED94176124B3469F0071236E /* HomeWork9 */,
			);
		};
/* End PBXProject section */

/* Begin PBXResourcesBuildPhase section */
		ED94176024B3469F0071236E /* Resources */ = {
			isa = PBXResourcesBuildPhase;
			buildActionMask = 2147483647;
			files = (
				ED94177224B346A30071236E /* LaunchScreen.storyboard in Resources */,
				ED94176F24B346A30071236E /* Assets.xcassets in Resources */,
				ED94176D24B3469F0071236E /* Main.storyboard in Resources */,
			);
			runOnlyForDeploymentPostprocessing = 0;
		};
/* End PBXResourcesBuildPhase section */

/* Begin PBXSourcesBuildPhase section */
		ED94175E24B3469F0071236E /* Sources */ = {
			isa = PBXSourcesBuildPhase;
			buildActionMask = 2147483647;
			files = (
				ED94178224B45D0E0071236E /* APIModel.swift in Sources */,
				ED94176A24B3469F0071236E /* ViewController.swift in Sources */,
				ED94176624B3469F0071236E /* AppDelegate.swift in Sources */,
				ED94178024B35ADE0071236E /* NetworkService.swift in Sources */,
				ED94176824B3469F0071236E /* SceneDelegate.swift in Sources */,
			);
			runOnlyForDeploymentPostprocessing = 0;
		};
/* End PBXSourcesBuildPhase section */

/* Begin PBXVariantGroup section */
		ED94176B24B3469F0071236E /* Main.storyboard */ = {
			isa = PBXVariantGroup;
			children = (
				ED94176C24B3469F0071236E /* Base */,
			);
			name = Main.storyboard;
			sourceTree = "<group>";
		};
		ED94177024B346A30071236E /* LaunchScreen.storyboard */ = {
			isa = PBXVariantGroup;
			children = (
				ED94177124B346A30071236E /* Base */,
			);
			name = LaunchScreen.storyboard;
			sourceTree = "<group>";
		};
/* End PBXVariantGroup section */

/* Begin XCBuildConfiguration section */
		ED94177424B346A30071236E /* Debug */ = {
			isa = XCBuildConfiguration;
			buildSettings = {
				ALWAYS_SEARCH_USER_PATHS = NO;
				CLANG_ANALYZER_NONNULL = YES;
				CLANG_ANALYZER_NUMBER_OBJECT_CONVERSION = YES_AGGRESSIVE;
				CLANG_CXX_LANGUAGE_STANDARD = "gnu++14";
				CLANG_CXX_LIBRARY = "libc++";
				CLANG_ENABLE_MODULES = YES;
				CLANG_ENABLE_OBJC_ARC = YES;
				CLANG_ENABLE_OBJC_WEAK = YES;
				CLANG_WARN_BLOCK_CAPTURE_AUTORELEASING = YES;
				CLANG_WARN_BOOL_CONVERSION = YES;
				CLANG_WARN_COMMA = YES;
				CLANG_WARN_CONSTANT_CONVERSION = YES;
				CLANG_WARN_DEPRECATED_OBJC_IMPLEMENTATIONS = YES;
				CLANG_WARN_DIRECT_OBJC_ISA_USAGE = YES_ERROR;
				CLANG_WARN_DOCUMENTATION_COMMENTS = YES;
				CLANG_WARN_EMPTY_BODY = YES;
				CLANG_WARN_ENUM_CONVERSION = YES;
				CLANG_WARN_INFINITE_RECURSION = YES;
				CLANG_WARN_INT_CONVERSION = YES;
				CLANG_WARN_NON_LITERAL_NULL_CONVERSION = YES;
				CLANG_WARN_OBJC_IMPLICIT_RETAIN_SELF = YES;
				CLANG_WARN_OBJC_LITERAL_CONVERSION = YES;
				CLANG_WARN_OBJC_ROOT_CLASS = YES_ERROR;
				CLANG_WARN_RANGE_LOOP_ANALYSIS = YES;
				CLANG_WARN_STRICT_PROTOTYPES = YES;
				CLANG_WARN_SUSPICIOUS_MOVE = YES;
				CLANG_WARN_UNGUARDED_AVAILABILITY = YES_AGGRESSIVE;
				CLANG_WARN_UNREACHABLE_CODE = YES;
				CLANG_WARN__DUPLICATE_METHOD_MATCH = YES;
				COPY_PHASE_STRIP = NO;
				DEBUG_INFORMATION_FORMAT = dwarf;
				ENABLE_STRICT_OBJC_MSGSEND = YES;
				ENABLE_TESTABILITY = YES;
				GCC_C_LANGUAGE_STANDARD = gnu11;
				GCC_DYNAMIC_NO_PIC = NO;
				GCC_NO_COMMON_BLOCKS = YES;
				GCC_OPTIMIZATION_LEVEL = 0;
				GCC_PREPROCESSOR_DEFINITIONS = (
					"DEBUG=1",
					"$(inherited)",
				);
				GCC_WARN_64_TO_32_BIT_CONVERSION = YES;
				GCC_WARN_ABOUT_RETURN_TYPE = YES_ERROR;
				GCC_WARN_UNDECLARED_SELECTOR = YES;
				GCC_WARN_UNINITIALIZED_AUTOS = YES_AGGRESSIVE;
				GCC_WARN_UNUSED_FUNCTION = YES;
				GCC_WARN_UNUSED_VARIABLE = YES;
				IPHONEOS_DEPLOYMENT_TARGET = 13.5;
				MTL_ENABLE_DEBUG_INFO = INCLUDE_SOURCE;
				MTL_FAST_MATH = YES;
				ONLY_ACTIVE_ARCH = YES;
				SDKROOT = iphoneos;
				SWIFT_ACTIVE_COMPILATION_CONDITIONS = DEBUG;
				SWIFT_OPTIMIZATION_LEVEL = "-Onone";
			};
			name = Debug;
		};
		ED94177524B346A30071236E /* Release */ = {
			isa = XCBuildConfiguration;
			buildSettings = {
				ALWAYS_SEARCH_USER_PATHS = NO;
				CLANG_ANALYZER_NONNULL = YES;
				CLANG_ANALYZER_NUMBER_OBJECT_CONVERSION = YES_AGGRESSIVE;
				CLANG_CXX_LANGUAGE_STANDARD = "gnu++14";
				CLANG_CXX_LIBRARY = "libc++";
				CLANG_ENABLE_MODULES = YES;
				CLANG_ENABLE_OBJC_ARC = YES;
				CLANG_ENABLE_OBJC_WEAK = YES;
				CLANG_WARN_BLOCK_CAPTURE_AUTORELEASING = YES;
				CLANG_WARN_BOOL_CONVERSION = YES;
				CLANG_WARN_COMMA = YES;
				CLANG_WARN_CONSTANT_CONVERSION = YES;
				CLANG_WARN_DEPRECATED_OBJC_IMPLEMENTATIONS = YES;
				CLANG_WARN_DIRECT_OBJC_ISA_USAGE = YES_ERROR;
				CLANG_WARN_DOCUMENTATION_COMMENTS = YES;
				CLANG_WARN_EMPTY_BODY = YES;
				CLANG_WARN_ENUM_CONVERSION = YES;
				CLANG_WARN_INFINITE_RECURSION = YES;
				CLANG_WARN_INT_CONVERSION = YES;
				CLANG_WARN_NON_LITERAL_NULL_CONVERSION = YES;
				CLANG_WARN_OBJC_IMPLICIT_RETAIN_SELF = YES;
				CLANG_WARN_OBJC_LITERAL_CONVERSION = YES;
				CLANG_WARN_OBJC_ROOT_CLASS = YES_ERROR;
				CLANG_WARN_RANGE_LOOP_ANALYSIS = YES;
				CLANG_WARN_STRICT_PROTOTYPES = YES;
				CLANG_WARN_SUSPICIOUS_MOVE = YES;
				CLANG_WARN_UNGUARDED_AVAILABILITY = YES_AGGRESSIVE;
				CLANG_WARN_UNREACHABLE_CODE = YES;
				CLANG_WARN__DUPLICATE_METHOD_MATCH = YES;
				COPY_PHASE_STRIP = NO;
				DEBUG_INFORMATION_FORMAT = "dwarf-with-dsym";
				ENABLE_NS_ASSERTIONS = NO;
				ENABLE_STRICT_OBJC_MSGSEND = YES;
				GCC_C_LANGUAGE_STANDARD = gnu11;
				GCC_NO_COMMON_BLOCKS = YES;
				GCC_WARN_64_TO_32_BIT_CONVERSION = YES;
				GCC_WARN_ABOUT_RETURN_TYPE = YES_ERROR;
				GCC_WARN_UNDECLARED_SELECTOR = YES;
				GCC_WARN_UNINITIALIZED_AUTOS = YES_AGGRESSIVE;
				GCC_WARN_UNUSED_FUNCTION = YES;
				GCC_WARN_UNUSED_VARIABLE = YES;
				IPHONEOS_DEPLOYMENT_TARGET = 13.5;
				MTL_ENABLE_DEBUG_INFO = NO;
				MTL_FAST_MATH = YES;
				SDKROOT = iphoneos;
				SWIFT_COMPILATION_MODE = wholemodule;
				SWIFT_OPTIMIZATION_LEVEL = "-O";
				VALIDATE_PRODUCT = YES;
			};
			name = Release;
		};
		ED94177724B346A30071236E /* Debug */ = {
			isa = XCBuildConfiguration;
			buildSettings = {
				ASSETCATALOG_COMPILER_APPICON_NAME = AppIcon;
				CODE_SIGN_STYLE = Automatic;
				INFOPLIST_FILE = HomeWork9/Info.plist;
				LD_RUNPATH_SEARCH_PATHS = (
					"$(inherited)",
					"@executable_path/Frameworks",
				);
				PRODUCT_BUNDLE_IDENTIFIER = com.ks.HomeWork9;
				PRODUCT_NAME = "$(TARGET_NAME)";
				SWIFT_VERSION = 5.0;
				TARGETED_DEVICE_FAMILY = "1,2";
			};
			name = Debug;
		};
		ED94177824B346A30071236E /* Release */ = {
			isa = XCBuildConfiguration;
			buildSettings = {
				ASSETCATALOG_COMPILER_APPICON_NAME = AppIcon;
				CODE_SIGN_STYLE = Automatic;
				INFOPLIST_FILE = HomeWork9/Info.plist;
				LD_RUNPATH_SEARCH_PATHS = (
					"$(inherited)",
					"@executable_path/Frameworks",
				);
				PRODUCT_BUNDLE_IDENTIFIER = com.ks.HomeWork9;
				PRODUCT_NAME = "$(TARGET_NAME)";
				SWIFT_VERSION = 5.0;
				TARGETED_DEVICE_FAMILY = "1,2";
			};
			name = Release;
		};
/* End XCBuildConfiguration section */

/* Begin XCConfigurationList section */
		ED94175D24B3469F0071236E /* Build configuration list for PBXProject "HomeWork9" */ = {
			isa = XCConfigurationList;
			buildConfigurations = (
				ED94177424B346A30071236E /* Debug */,
				ED94177524B346A30071236E /* Release */,
			);
			defaultConfigurationIsVisible = 0;
			defaultConfigurationName = Release;
		};
		ED94177624B346A30071236E /* Build configuration list for PBXNativeTarget "HomeWork9" */ = {
			isa = XCConfigurationList;
			buildConfigurations = (
				ED94177724B346A30071236E /* Debug */,
				ED94177824B346A30071236E /* Release */,
			);
			defaultConfigurationIsVisible = 0;
			defaultConfigurationName = Release;
		};
/* End XCConfigurationList section */
	};
	rootObject = ED94175A24B3469F0071236E /* Project object */;
}
